
Microsoft Visual Studio Solution File, Format Version 12.00
# Visual Studio 15
VisualStudioVersion = 15.0.27428.2037
MinimumVisualStudioVersion = 10.0.40219.1
Project("{8BC9CEB8-8B4A-11D0-8D11-00A0C91BC942}") = "Ch15inherit", "Ch15inherit\Ch15inherit.vcxproj", "{289D7E39-8BA6-425E-9C06-CB84AABD41A4}"
EndProject
Global
	GlobalSection(SolutionConfigurationPlatforms) = preSolution
		Debug|x64 = Debug|x64
		Debug|x86 = Debug|x86
		Release|x64 = Release|x64
		Release|x86 = Release|x86
	EndGlobalSection
	GlobalSection(ProjectConfigurationPlatforms) = postSolution
		{289D7E39-8BA6-425E-9C06-CB84AABD41A4}.Debug|x64.ActiveCfg = Debug|x64
		{289D7E39-8BA6-425E-9C06-CB84AABD41A4}.Debug|x64.Build.0 = Debug|x64
		{289D7E39-8BA6-425E-9C06-CB84AABD41A4}.Debug|x86.ActiveCfg = Debug|Win32
		{289D7E39-8BA6-425E-9C06-CB84AABD41A4}.Debug|x86.Build.0 = Debug|Win32
		{289D7E39-8BA6-425E-9C06-CB84AABD41A4}.Release|x64.ActiveCfg = Release|x64
		{289D7E39-8BA6-425E-9C06-CB84AABD41A4}.Release|x64.Build.0 = Release|x64
		{289D7E39-8BA6-425E-9C06-CB84AABD41A4}.Release|x86.ActiveCfg = Release|Win32
		{289D7E39-8BA6-425E-9C06-CB84AABD41A4}.Release|x86.Build.0 = Release|Win32
	EndGlobalSection
	GlobalSection(SolutionProperties) = preSolution
		HideSolutionNode = FALSE
	EndGlobalSection
	GlobalSection(ExtensibilityGlobals) = postSolution
		SolutionGuid = {A9638083-B54E-46F6-BEA8-CF412FB7BE76}
	EndGlobalSection
EndGlobal
